
Microsoft Visual Studio Solution File, Format Version 12.00
# Visual Studio Version 17
VisualStudioVersion = 17.5.33424.131
MinimumVisualStudioVersion = 10.0.40219.1
Project("{FAE04EC0-301F-11D3-BF4B-00C04F79EFBC}") = "MarketIO.Server", "MarketIO\Server\MarketIO.Server.csproj", "{93FA6DA4-9C05-4816-A43C-BAF89F08415A}"
EndProject
Project("{FAE04EC0-301F-11D3-BF4B-00C04F79EFBC}") = "MarketIO.Client", "MarketIO\Client\MarketIO.Client.csproj", "{5BDE989F-AB53-4D01-98B6-1935C74958A9}"
EndProject
Project("{FAE04EC0-301F-11D3-BF4B-00C04F79EFBC}") = "MarketIO.Shared", "MarketIO\Shared\MarketIO.Shared.csproj", "{62B028AB-A276-4A6C-A94E-47ACA473E6EF}"
EndProject
Project("{FAE04EC0-301F-11D3-BF4B-00C04F79EFBC}") = "MarketIO.Tests", "MarketIO.Tests\MarketIO.Tests.csproj", "{95526CC9-252A-409D-B200-BBAECB5ECFCB}"
EndProject
Global
	GlobalSection(SolutionConfigurationPlatforms) = preSolution
		Debug|Any CPU = Debug|Any CPU
		Release|Any CPU = Release|Any CPU
	EndGlobalSection
	GlobalSection(ProjectConfigurationPlatforms) = postSolution
		{93FA6DA4-9C05-4816-A43C-BAF89F08415A}.Debug|Any CPU.ActiveCfg = Debug|Any CPU
		{93FA6DA4-9C05-4816-A43C-BAF89F08415A}.Debug|Any CPU.Build.0 = Debug|Any CPU
		{93FA6DA4-9C05-4816-A43C-BAF89F08415A}.Release|Any CPU.ActiveCfg = Release|Any CPU
		{93FA6DA4-9C05-4816-A43C-BAF89F08415A}.Release|Any CPU.Build.0 = Release|Any CPU
		{5BDE989F-AB53-4D01-98B6-1935C74958A9}.Debug|Any CPU.ActiveCfg = Debug|Any CPU
		{5BDE989F-AB53-4D01-98B6-1935C74958A9}.Debug|Any CPU.Build.0 = Debug|Any CPU
		{5BDE989F-AB53-4D01-98B6-1935C74958A9}.Release|Any CPU.ActiveCfg = Release|Any CPU
		{5BDE989F-AB53-4D01-98B6-1935C74958A9}.Release|Any CPU.Build.0 = Release|Any CPU
		{62B028AB-A276-4A6C-A94E-47ACA473E6EF}.Debug|Any CPU.ActiveCfg = Debug|Any CPU
		{62B028AB-A276-4A6C-A94E-47ACA473E6EF}.Debug|Any CPU.Build.0 = Debug|Any CPU
		{62B028AB-A276-4A6C-A94E-47ACA473E6EF}.Release|Any CPU.ActiveCfg = Release|Any CPU
		{62B028AB-A276-4A6C-A94E-47ACA473E6EF}.Release|Any CPU.Build.0 = Release|Any CPU
		{95526CC9-252A-409D-B200-BBAECB5ECFCB}.Debug|Any CPU.ActiveCfg = Debug|Any CPU
		{95526CC9-252A-409D-B200-BBAECB5ECFCB}.Debug|Any CPU.Build.0 = Debug|Any CPU
		{95526CC9-252A-409D-B200-BBAECB5ECFCB}.Release|Any CPU.ActiveCfg = Release|Any CPU
		{95526CC9-252A-409D-B200-BBAECB5ECFCB}.Release|Any CPU.Build.0 = Release|Any CPU
	EndGlobalSection
	GlobalSection(SolutionProperties) = preSolution
		HideSolutionNode = FALSE
	EndGlobalSection
	GlobalSection(ExtensibilityGlobals) = postSolution
		SolutionGuid = {2A8CAA21-78B8-4C51-B0F4-5F639A945B22}
	EndGlobalSection
EndGlobal
